
Microsoft Visual Studio Solution File, Format Version 12.00
# Visual Studio 16
Project("{FAE04EC0-301F-11D3-BF4B-00C04F79EFBC}") = "Tests", "Tests.csproj", "{C8F701FE-EFA7-50D0-9F3B-03CB1C1E7881}"
EndProject
Project("{FAE04EC0-301F-11D3-BF4B-00C04F79EFBC}") = "AppAssembly", "AppAssembly.csproj", "{C5D2CCA9-C9E9-5EA0-842A-3796FF20CD30}"
EndProject
Global
	GlobalSection(SolutionConfigurationPlatforms) = preSolution
		Debug|Any CPU = Debug|Any CPU
		Release|Any CPU = Release|Any CPU
	EndGlobalSection
	GlobalSection(ProjectConfigurationPlatforms) = postSolution
		{C8F701FE-EFA7-50D0-9F3B-03CB1C1E7881}.Debug|Any CPU.ActiveCfg = Debug|Any CPU
		{C8F701FE-EFA7-50D0-9F3B-03CB1C1E7881}.Debug|Any CPU.Build.0 = Debug|Any CPU
		{C8F701FE-EFA7-50D0-9F3B-03CB1C1E7881}.Release|Any CPU.ActiveCfg = Release|Any CPU
		{C8F701FE-EFA7-50D0-9F3B-03CB1C1E7881}.Release|Any CPU.Build.0 = Release|Any CPU
		{C5D2CCA9-C9E9-5EA0-842A-3796FF20CD30}.Debug|Any CPU.ActiveCfg = Debug|Any CPU
		{C5D2CCA9-C9E9-5EA0-842A-3796FF20CD30}.Debug|Any CPU.Build.0 = Debug|Any CPU
		{C5D2CCA9-C9E9-5EA0-842A-3796FF20CD30}.Release|Any CPU.ActiveCfg = Release|Any CPU
		{C5D2CCA9-C9E9-5EA0-842A-3796FF20CD30}.Release|Any CPU.Build.0 = Release|Any CPU
	EndGlobalSection
	GlobalSection(SolutionProperties) = preSolution
		HideSolutionNode = FALSE
	EndGlobalSection
EndGlobal
